# THIS IS AN AUTOGENERATED FILE. DO NOT EDIT THIS FILE DIRECTLY.
# yarn lockfile v1


"@babel/code-frame@^7.0.0":
  version "7.16.7"
  resolved "https://pocky-npm.pkg.coding.net/npm/uniapp-router-view-loader/__tarballs/@babel/code-frame/7.16.7/__path/npm/@babel/code-frame/-/code-frame-7.16.7/44416b6bd7624b998f5b1af5d470856c40138789.tgz#44416b6bd7624b998f5b1af5d470856c40138789"
  integrity sha512-iAXqUn8IIeBTNd72xsFlgaXHkMBMt6y4HJp1tIaK465CWLT/fG1aqB7ykr95gHHmlBdGbFeWWfyB4NJJ0nmeIg==
  dependencies:
    "@babel/highlight" "^7.16.7"

"@babel/helper-validator-identifier@^7.16.7":
  version "7.16.7"
  resolved "https://pocky-npm.pkg.coding.net/npm/uniapp-router-view-loader/__tarballs/@babel/helper-validator-identifier/7.16.7/__path/npm/@babel/helper-validator-identifier/-/helper-validator-identifier-7.16.7/e8c602438c4a8195751243da9031d1607d247cad.tgz#e8c602438c4a8195751243da9031d1607d247cad"
  integrity sha512-hsEnFemeiW4D08A5gUAZxLBTXpZ39P+a+DGDsHw1yxqyQ/jzFEnxf5uTEGp+3bzAbNOxU1paTgYS4ECU/IgfDw==

"@babel/highlight@^7.16.7":
  version "7.16.10"
  resolved "https://pocky-npm.pkg.coding.net/npm/uniapp-router-view-loader/__tarballs/@babel/highlight/7.16.10/__path/npm/@babel/highlight/-/highlight-7.16.10/744f2eb81579d6eea753c227b0f570ad785aba88.tgz#744f2eb81579d6eea753c227b0f570ad785aba88"
  integrity sha512-5FnTQLSLswEj6IkgVw5KusNUUFY9ZGqe/TRFnP/BKYHYgfh7tc+C7mwiy95/yNP7Dh9x580Vv8r7u7ZfTBFxdw==
  dependencies:
    "@babel/helper-validator-identifier" "^7.16.7"
    chalk "^2.0.0"
    js-tokens "^4.0.0"

ansi-styles@^3.2.1:
  version "3.2.1"
  resolved "https://pocky-npm.pkg.coding.net/npm/uniapp-router-view-loader/__tarballs/ansi-styles/3.2.1/__path/npm/ansi-styles/-/ansi-styles-3.2.1/41fbb20243e50b12be0f04b8dedbf07520ce841d.tgz#41fbb20243e50b12be0f04b8dedbf07520ce841d"
  integrity sha512-VT0ZI6kZRdTh8YyJw3SMbYm/u+NqfsAxEpWO0Pf9sq8/e94WxxOpPKx9FR1FlyCtOVDNOQ+8ntlqFxiRc+r5qA==
  dependencies:
    color-convert "^1.9.0"

chalk@^2.0.0:
  version "2.4.2"
  resolved "https://pocky-npm.pkg.coding.net/npm/uniapp-router-view-loader/__tarballs/chalk/2.4.2/__path/npm/chalk/-/chalk-2.4.2/cd42541677a54333cf541a49108c1432b44c9424.tgz#cd42541677a54333cf541a49108c1432b44c9424"
  integrity sha512-Mti+f9lpJNcwF4tWV8/OrTTtF1gZi+f8FqlyAdouralcFWFQWF2+NgCHShjkCb+IFBLq9buZwE1xckQU4peSuQ==
  dependencies:
    ansi-styles "^3.2.1"
    escape-string-regexp "^1.0.5"
    supports-color "^5.3.0"

color-convert@^1.9.0:
  version "1.9.3"
  resolved "https://pocky-npm.pkg.coding.net/npm/uniapp-router-view-loader/__tarballs/color-convert/1.9.3/__path/npm/color-convert/-/color-convert-1.9.3/bb71850690e1f136567de629d2d5471deda4c1e8.tgz#bb71850690e1f136567de629d2d5471deda4c1e8"
  integrity sha512-QfAUtd+vFdAtFQcC8CCyYt1fYWxSqAiK2cSD6zDB8N3cpsEBAvRxp9zOGg6G/SHHJYAT88/az/IuDGALsNVbGg==
  dependencies:
    color-name "1.1.3"

color-name@1.1.3:
  version "1.1.3"
  resolved "https://pocky-npm.pkg.coding.net/npm/uniapp-router-view-loader/__tarballs/color-name/1.1.3/__path/npm/color-name/-/color-name-1.1.3/a7d0558bd89c42f795dd42328f740831ca53bc25.tgz#a7d0558bd89c42f795dd42328f740831ca53bc25"
  integrity sha1-p9BVi9icQveV3UIyj3QIMcpTvCU=

escape-string-regexp@^1.0.5:
  version "1.0.5"
  resolved "https://pocky-npm.pkg.coding.net/npm/uniapp-router-view-loader/__tarballs/escape-string-regexp/1.0.5/__path/npm/escape-string-regexp/-/escape-string-regexp-1.0.5/1b61c0562190a8dff6ae3bb2cf0200ca130b86d4.tgz#1b61c0562190a8dff6ae3bb2cf0200ca130b86d4"
  integrity sha1-G2HAViGQqN/2rjuyzwIAyhMLhtQ=

fsevents@~2.3.2:
  version "2.3.2"
  resolved "https://registry.npmmirror.com/fsevents/-/fsevents-2.3.2.tgz#8a526f78b8fdf4623b709e0b975c52c24c02fd1a"
  integrity sha512-xiqMQR4xAeHTuB9uWm+fFRcIOgKBMiOBP+eXiyT7jsgVCq1bkVygt00oASowB7EdtpOHaaPgKt812P9ab+DDKA==

has-flag@^3.0.0:
  version "3.0.0"
  resolved "https://pocky-npm.pkg.coding.net/npm/uniapp-router-view-loader/__tarballs/has-flag/3.0.0/__path/npm/has-flag/-/has-flag-3.0.0/b5d454dc2199ae225699f3467e5a07f3b955bafd.tgz#b5d454dc2199ae225699f3467e5a07f3b955bafd"
  integrity sha1-tdRU3CGZriJWmfNGfloH87lVuv0=

jest-worker@^24.0.0:
  version "24.9.0"
  resolved "https://pocky-npm.pkg.coding.net/npm/uniapp-router-view-loader/__tarballs/jest-worker/24.9.0/__path/npm/jest-worker/-/jest-worker-24.9.0/5dbfdb5b2d322e98567898238a9697bcce67b3e5.tgz#5dbfdb5b2d322e98567898238a9697bcce67b3e5"
  integrity sha512-51PE4haMSXcHohnSMdM42anbvZANYTqMrr52tVKPqqsPJMzoP6FYYDVqahX/HrAoKEKz3uUPzSvKs9A3qR4iVw==
  dependencies:
    merge-stream "^2.0.0"
    supports-color "^6.1.0"

js-tokens@^4.0.0:
  version "4.0.0"
  resolved "https://pocky-npm.pkg.coding.net/npm/uniapp-router-view-loader/__tarballs/js-tokens/4.0.0/__path/npm/js-tokens/-/js-tokens-4.0.0/19203fb59991df98e3a287050d4647cdeaf32499.tgz#19203fb59991df98e3a287050d4647cdeaf32499"
  integrity sha512-RdJUflcE3cUzKiMqQgsCu06FPu9UdIJO0beYbPhHN4k6apgJtifcoCtT9bcxOpYBtpD2kCM6Sbzg4CausW/PKQ==

jsonminify@^0.4.2:
  version "0.4.2"
  resolved "https://registry.npmmirror.com/jsonminify/-/jsonminify-0.4.2.tgz#fe6fb09391227e856f8c7c0761ff11b497b61fe8"
  integrity sha512-mEtP5ECD0293D+s45JhDutqF5mFCkWY8ClrPFxjSFR2KUoantofky7noSzyKnAnD9Gd8pXHZSUd5bgzLDUBbfA==

merge-stream@^2.0.0:
  version "2.0.0"
  resolved "https://pocky-npm.pkg.coding.net/npm/uniapp-router-view-loader/__tarballs/merge-stream/2.0.0/__path/npm/merge-stream/-/merge-stream-2.0.0/52823629a14dd00c9770fb6ad47dc6310f2c1f60.tgz#52823629a14dd00c9770fb6ad47dc6310f2c1f60"
  integrity sha512-abv/qOcuPfk3URPfDzmZU1LKmuw8kT+0nIHvKrKgFrwifol/doWcdA4ZqsWQ8ENrFKkd67Mfpo/LovbIUsbt3w==

rollup-plugin-uglify@^6.0.4:
  version "6.0.4"
  resolved "https://pocky-npm.pkg.coding.net/npm/uniapp-router-view-loader/__tarballs/rollup-plugin-uglify/6.0.4/__path/npm/rollup-plugin-uglify/-/rollup-plugin-uglify-6.0.4/65a0959d91586627f1e46a7db966fd504ec6c4e6.tgz#65a0959d91586627f1e46a7db966fd504ec6c4e6"
  integrity sha512-ddgqkH02klveu34TF0JqygPwZnsbhHVI6t8+hGTcYHngPkQb5MIHI0XiztXIN/d6V9j+efwHAqEL7LspSxQXGw==
  dependencies:
    "@babel/code-frame" "^7.0.0"
    jest-worker "^24.0.0"
    serialize-javascript "^2.1.2"
    uglify-js "^3.4.9"

rollup@^2.67.2:
  version "2.67.2"
  resolved "https://registry.npmmirror.com/rollup/-/rollup-2.67.2.tgz#d95e15f60932ad21e05a870bd0aa0b235d056f04"
  integrity sha512-hoEiBWwZtf1QdK3jZIq59L0FJj4Fiv4RplCO4pvCRC86qsoFurWB4hKQIjoRf3WvJmk5UZ9b0y5ton+62fC7Tw==
  optionalDependencies:
    fsevents "~2.3.2"

serialize-javascript@^2.1.2:
  version "2.1.2"
  resolved "https://pocky-npm.pkg.coding.net/npm/uniapp-router-view-loader/__tarballs/serialize-javascript/2.1.2/__path/npm/serialize-javascript/-/serialize-javascript-2.1.2/ecec53b0e0317bdc95ef76ab7074b7384785fa61.tgz#ecec53b0e0317bdc95ef76ab7074b7384785fa61"
  integrity sha512-rs9OggEUF0V4jUSecXazOYsLfu7OGK2qIn3c7IPBiffz32XniEp/TX9Xmc9LQfK2nQ2QKHvZ2oygKUGU0lG4jQ==

supports-color@^5.3.0:
  version "5.5.0"
  resolved "https://pocky-npm.pkg.coding.net/npm/uniapp-router-view-loader/__tarballs/supports-color/5.5.0/__path/npm/supports-color/-/supports-color-5.5.0/e2e69a44ac8772f78a1ec0b35b689df6530efc8f.tgz#e2e69a44ac8772f78a1ec0b35b689df6530efc8f"
  integrity sha512-QjVjwdXIt408MIiAqCX4oUKsgU2EqAGzs2Ppkm4aQYbjm+ZEWEcW4SfFNTr4uMNZma0ey4f5lgLrkB0aX0QMow==
  dependencies:
    has-flag "^3.0.0"

supports-color@^6.1.0:
  version "6.1.0"
  resolved "https://pocky-npm.pkg.coding.net/npm/uniapp-router-view-loader/__tarballs/supports-color/6.1.0/__path/npm/supports-color/-/supports-color-6.1.0/0764abc69c63d5ac842dd4867e8d025e880df8f3.tgz#0764abc69c63d5ac842dd4867e8d025e880df8f3"
  integrity sha512-qe1jfm1Mg7Nq/NSh6XE24gPXROEVsWHxC1LIx//XNlD9iw7YZQGjZNjYN7xGaEG6iKdA8EtNFW6R0gjnVXp+wQ==
  dependencies:
    has-flag "^3.0.0"

uglify-js@^3.4.9:
  version "3.15.1"
  resolved "https://pocky-npm.pkg.coding.net/npm/uniapp-router-view-loader/__tarballs/uglify-js/3.15.1/__path/npm/uglify-js/-/uglify-js-3.15.1/9403dc6fa5695a6172a91bc983ea39f0f7c9086d.tgz#9403dc6fa5695a6172a91bc983ea39f0f7c9086d"
  integrity sha512-FAGKF12fWdkpvNJZENacOH0e/83eG6JyVQyanIJaBXCN1J11TUQv1T1/z8S+Z0CG0ZPk1nPcreF/c7lrTd0TEQ==
