# THIS IS AN AUTOGENERATED FILE. DO NOT EDIT THIS FILE DIRECTLY.
# yarn lockfile v1


boolbase@^1.0.0:
  version "1.0.0"
  resolved "https://pocky-npm.pkg.coding.net/npm/uniapp-router-view-loader/__tarballs/boolbase/1.0.0/__path/npm/boolbase/-/boolbase-1.0.0/68dff5fbe60c51eb37725ea9e3ed310dcc1e776e.tgz#68dff5fbe60c51eb37725ea9e3ed310dcc1e776e"
  integrity sha1-aN/1++YMUes3cl6p4+0xDcwed24=

css-select@^4.1.3:
  version "4.2.1"
  resolved "https://pocky-npm.pkg.coding.net/npm/uniapp-router-view-loader/__tarballs/css-select/4.2.1/__path/npm/css-select/-/css-select-4.2.1/9e665d6ae4c7f9d65dbe69d0316e3221fb274cdd.tgz#9e665d6ae4c7f9d65dbe69d0316e3221fb274cdd"
  integrity sha512-/aUslKhzkTNCQUB2qTX84lVmfia9NyjP3WpDGtj/WxhwBzWBYUV3DgUpurHTme8UTPcPlAD1DJ+b0nN/t50zDQ==
  dependencies:
    boolbase "^1.0.0"
    css-what "^5.1.0"
    domhandler "^4.3.0"
    domutils "^2.8.0"
    nth-check "^2.0.1"

css-what@^5.1.0:
  version "5.1.0"
  resolved "https://pocky-npm.pkg.coding.net/npm/uniapp-router-view-loader/__tarballs/css-what/5.1.0/__path/npm/css-what/-/css-what-5.1.0/3f7b707aadf633baf62c2ceb8579b545bb40f7fe.tgz#3f7b707aadf633baf62c2ceb8579b545bb40f7fe"
  integrity sha512-arSMRWIIFY0hV8pIxZMEfmMI47Wj3R/aWpZDDxWYCPEiOMv6tfOrnpDtgxBYPEQD4V0Y/958+1TdC3iWTFcUPw==

dom-serializer@^1.0.1:
  version "1.3.2"
  resolved "https://pocky-npm.pkg.coding.net/npm/uniapp-router-view-loader/__tarballs/dom-serializer/1.3.2/__path/npm/dom-serializer/-/dom-serializer-1.3.2/6206437d32ceefaec7161803230c7a20bc1b4d91.tgz#6206437d32ceefaec7161803230c7a20bc1b4d91"
  integrity sha512-5c54Bk5Dw4qAxNOI1pFEizPSjVsx5+bpJKmL2kPn8JhBUq2q09tTCa3mjijun2NfK78NMouDYNMBkOrPZiS+ig==
  dependencies:
    domelementtype "^2.0.1"
    domhandler "^4.2.0"
    entities "^2.0.0"

domelementtype@^2.0.1, domelementtype@^2.2.0:
  version "2.2.0"
  resolved "https://pocky-npm.pkg.coding.net/npm/uniapp-router-view-loader/__tarballs/domelementtype/2.2.0/__path/npm/domelementtype/-/domelementtype-2.2.0/9a0b6c2782ed6a1c7323d42267183df9bd8b1d57.tgz#9a0b6c2782ed6a1c7323d42267183df9bd8b1d57"
  integrity sha512-DtBMo82pv1dFtUmHyr48beiuq792Sxohr+8Hm9zoxklYPfa6n0Z3Byjj2IV7bmr2IyqClnqEQhfgHJJ5QF0R5A==

domhandler@^4.2.0, domhandler@^4.3.0:
  version "4.3.0"
  resolved "https://pocky-npm.pkg.coding.net/npm/uniapp-router-view-loader/__tarballs/domhandler/4.3.0/__path/npm/domhandler/-/domhandler-4.3.0/16c658c626cf966967e306f966b431f77d4a5626.tgz#16c658c626cf966967e306f966b431f77d4a5626"
  integrity sha512-fC0aXNQXqKSFTr2wDNZDhsEYjCiYsDWl3D01kwt25hm1YIPyDGHvvi3rw+PLqHAl/m71MaiF7d5zvBr0p5UB2g==
  dependencies:
    domelementtype "^2.2.0"

domutils@^2.8.0:
  version "2.8.0"
  resolved "https://pocky-npm.pkg.coding.net/npm/uniapp-router-view-loader/__tarballs/domutils/2.8.0/__path/npm/domutils/-/domutils-2.8.0/4437def5db6e2d1f5d6ee859bd95ca7d02048135.tgz#4437def5db6e2d1f5d6ee859bd95ca7d02048135"
  integrity sha512-w96Cjofp72M5IIhpjgobBimYEfoPjx1Vx0BSX9P30WBdZW2WIKU0T1Bd0kz2eNZ9ikjKgHbEyKx8BB6H1L3h3A==
  dependencies:
    dom-serializer "^1.0.1"
    domelementtype "^2.2.0"
    domhandler "^4.2.0"

entities@^2.0.0:
  version "2.2.0"
  resolved "https://pocky-npm.pkg.coding.net/npm/uniapp-router-view-loader/__tarballs/entities/2.2.0/__path/npm/entities/-/entities-2.2.0/098dc90ebb83d8dffa089d55256b351d34c4da55.tgz#098dc90ebb83d8dffa089d55256b351d34c4da55"
  integrity sha512-p92if5Nz619I0w+akJrLZH0MX0Pb5DX39XOwQTtXSdQQOaYH03S1uIQp4mhOZtAXrxq4ViO67YTiLBo2638o9A==

he@1.2.0:
  version "1.2.0"
  resolved "https://pocky-npm.pkg.coding.net/npm/uniapp-router-view-loader/__tarballs/he/1.2.0/__path/npm/he/-/he-1.2.0/84ae65fa7eafb165fddb61566ae14baf05664f0f.tgz#84ae65fa7eafb165fddb61566ae14baf05664f0f"
  integrity sha512-F/1DnUGPopORZi0ni+CvrCgHQ5FyEAHRLSApuYWMmrbSwoN2Mn/7k+Gl38gJnR7yyDZk6WLXwiGod1JOWNDKGw==

node-html-parser@^5.2.0:
  version "5.2.0"
  resolved "https://pocky-npm.pkg.coding.net/npm/uniapp-router-view-loader/node-html-parser/-/node-html-parser-5.2.0/6f29fd00d79f65334e7e20200964644207925607.tgz#6f29fd00d79f65334e7e20200964644207925607"
  integrity sha512-fmiwLfQu+J2A0zjwSEkztSHexAf5qq/WoiL/Hgo1K7JpfEP+OGWY5maG0kGaM+IFVdixF/1QbyXaQ3h4cGfeLw==
  dependencies:
    css-select "^4.1.3"
    he "1.2.0"

nth-check@^2.0.1:
  version "2.0.1"
  resolved "https://pocky-npm.pkg.coding.net/npm/uniapp-router-view-loader/__tarballs/nth-check/2.0.1/__path/npm/nth-check/-/nth-check-2.0.1/2efe162f5c3da06a28959fbd3db75dbeea9f0fc2.tgz#2efe162f5c3da06a28959fbd3db75dbeea9f0fc2"
  integrity sha512-it1vE95zF6dTT9lBsYbxvqh0Soy4SPowchj0UBGj/V6cTPnXXtQOPUbhZ6CmGzAD/rW22LQK6E96pcdJXk4A4w==
  dependencies:
    boolbase "^1.0.0"

uniapp-router-view-loader@^1.0.42:
  version "1.0.42"
  resolved "https://pocky-npm.pkg.coding.net/npm/uniapp-router-view-loader/uniapp-router-view-loader/-/uniapp-router-view-loader-1.0.42/7ac79528db9629605b04fcb86396f19e38eea59c.tgz#7ac79528db9629605b04fcb86396f19e38eea59c"
  integrity sha512-7oJHd/JqgDxitpt2seJBD1/N3cwfX8jR3Jxq/GIT9sqddMSdTV/8K9i1IdR+CXXMRjDPRduDDpNWoCGFBa4gFw==
  dependencies:
    node-html-parser "^5.2.0"

uview-ui@^2.0.27:
  version "2.0.27"
  resolved "https://registry.npmmirror.com/uview-ui/-/uview-ui-2.0.27.tgz#1a7dde9c6246e851d768f3efd44b5fb26774a2e1"
  integrity sha512-fl35rlguNPfXnwNoVv0w4zS1blFFxxSPuGR1+9SbpFGC33aiTBaoFWs/4Fppj0foS/kDCqSWcJiymNmQjPBD4g==
